github.com/MeloQi/EasyGoLib v0.0.0-20191209094052-803960583571 h1:w/W+j0ncha3PoAZLkj8eeF9R8SlMsWHj+dWzu0A0SIg=
github.com/MeloQi/EasyGoLib v0.0.0-20191209094052-803960583571/go.mod h1:gJGyvxJiMx4yx93Wnod8vNUky8CkPR2DkrktBas1vUI=
github.com/MeloQi/cors v0.0.0-20180918145040-d08bb28f7e48 h1:hy1KCfzBOzO70pyGh62FKDVu0lJN8vfKzvAwY9xPjVY=
github.com/MeloQi/cors v0.0.0-20180918145040-d08bb28f7e48/go.mod h1:7ZxfmRpyLzLsFuBNxwsTBq2+perYnFnMS9vEE4GQpkA=
github.com/MeloQi/cors v0.0.0-20191030023859-de49554d5cda h1:Oq+uvFDXYEXkvyV6HJRBHwZ7EDYZUyXjLnl+oEeYHa0=
github.com/MeloQi/cors v0.0.0-20191030023859-de49554d5cda/go.mod h1:ntjd7folST9v8FvbECUUilLX5TfAg/ww873ULUctp1I=
github.com/MeloQi/service v0.0.0-20191030061151-7762127fe623 h1:HAboTIpyNWJrKpONle7pfiSXRafopehhBy4jhscFR0Y=
github.com/MeloQi/service v0.0.0-20191030061151-7762127fe623/go.mod h1:R9WeHQFv3fy8jqCA1JPi3+EPg4I/tfls0wk4H1RGctE=
github.com/MeloQi/sessions v0.0.0-20191030032128-1c51e5f867b9 h1:0XJW6v63R0lVadDXgHw3uUQCRCy4XjTBTxe+nZg11tA=
github.com/MeloQi/sessions v0.0.0-20191030032128-1c51e5f867b9/go.mod h1:n7t3VRfDUIcQG0hzmP+hrRHQ2cyuxvhANK4ierptvqo=
github.com/MeloQi/sessions v0.0.3 h1:PoBXki+44XdJdlgDqDrY5nDVe3Wk7wDV/UCOuLP6fBI=
github.com/MeloQi/sessions v0.0.3/go.mod h1:8C/J6cad3Il1mWYYgtw0w+hqasmpvy25mPkXdOgeB9I=
github.com/StackExchange/wmi v0.0.0-20180412205111-cdffdb33acae h1:Bqpru5NELaHtO/p7+TwRSKXWAMng4BCFBqVJ2eU8gpk=
github.com/StackExchange/wmi v0.0.0-20180412205111-cdffdb33acae/go.mod h1:3eOhrUMpNV+6aFIbp5/iudMxNCF27Vw2OZgy4xEx0Fg=
github.com/boj/redistore v0.0.0-20180917114910-cd5dcc76aeff/go.mod h1:+RTT1BOk5P97fT2CiHkbFQwkK3mjsFAP6zCYV2aXtjw=
github.com/bradfitz/gomemcache v0.0.0-20190329173943-551aad21a668/go.mod h1:H0wQNHz2YrLsuXOZozoeDmnHXkNCRmMW0gwFWDfEZDA=
github.com/bradleypeabody/gorilla-sessions-memcache v0.0.0-20181103040241-659414f458e1/go.mod h1:dkChI7Tbtx7H1Tj7TqGSZMOeGpMP5gLHtjroHd4agiI=
github.com/common-nighthawk/go-figure v0.0.0-20180619031829-18b2b544842c h1:KJ5BNDIKwk6Ayx61ONcQiB9P8leud+Lze6IRayV23XY=
github.com/common-nighthawk/go-figure v0.0.0-20180619031829-18b2b544842c/go.mod h1:mk5IQ+Y0ZeO87b858TlA645sVcEcbiX6YqP98kt+7+w=
github.com/davecgh/go-spew v1.1.0/go.mod h1:J7Y8YcW2NihsgmVo/mv3lAwl/skON4iLHjSsI+c5H38=
github.com/davecgh/go-spew v1.1.1/go.mod h1:J7Y8YcW2NihsgmVo/mv3lAwl/skON4iLHjSsI+c5H38=
github.com/eiannone/keyboard v0.0.0-20200508000154-caf4b762e807 h1:jdjd5e68T4R/j4PWxfZqcKY8KtT9oo8IPNVuV4bSXDQ=
github.com/eiannone/keyboard v0.0.0-20200508000154-caf4b762e807/go.mod h1:Xoiu5VdKMvbRgHuY7+z64lhu/7lvax/22nzASF6GrO8=
github.com/gin-contrib/pprof v0.0.0-20180514151456-0ed7ffb6a189 h1:2tSSLyKO1QHTlJufylA1uDD8cXC/5sIEIo6TJcFiLek=
github.com/gin-contrib/pprof v0.0.0-20180514151456-0ed7ffb6a189/go.mod h1:rjNkoBuke5raVIHOBtw9U0BL9x22EQ/ZcoWrJ2nc0Yw=
github.com/gin-contrib/sse v0.1.0 h1:Y/yl/+YNO8GZSjAhjMsSuLt29uWRFHdHYUb5lYOV9qE=
github.com/gin-contrib/sse v0.1.0/go.mod h1:RHrZQHXnP2xjPF+u1gW/2HnVO7nvIa9PG3Gm+fLHvGI=
github.com/gin-contrib/static v0.0.0-20180301030858-73da7037e716 h1:seIQ8aTL430iQYzq6lrpYBpDe9nKH3Ea7MlwP5nhPQE=
github.com/gin-contrib/static v0.0.0-20180301030858-73da7037e716/go.mod h1:2fEScoZYr3j0CaSPS4VxkA76ygb6q7PvKW0Mha6hANQ=
github.com/gin-gonic/gin v1.3.0 h1:kCmZyPklC0gVdL728E6Aj20uYBJV93nj/TkwBTKhFbs=
github.com/gin-gonic/gin v1.3.0/go.mod h1:7cKuhb5qV2ggCFctp2fJQ+ErvciLZrIeoOSOm6mUr7Y=
github.com/gin-gonic/gin v1.5.0 h1:fi+bqFAx/oLK54somfCtEZs9HeH1LHVoEPUgARpTqyc=
github.com/gin-gonic/gin v1.5.0/go.mod h1:Nd6IXA8m5kNZdNEHMBd93KT+mdY3+bewLgRvmCsR2Do=
github.com/globalsign/mgo v0.0.0-20181015135952-eeefdecb41b8/go.mod h1:xkRDCp4j0OGD1HRkm4kmhM+pmpv3AKq5SU7GMg4oO/Q=
github.com/go-ini/ini v1.57.0 h1:Qwzj3wZQW+Plax5Ntj+GYe07DfGj1OH+aL1nMTMaNow=
github.com/go-ini/ini v1.57.0/go.mod h1:ByCAeIL28uOIIG0E3PJtZPDL8WnHpFKFOtgjp+3Ies8=
github.com/go-ole/go-ole v0.0.0-20180213002836-a1ec82a652eb h1:LI4I0crHWpdCzhms+Vthv6cVfZWnQ+oOtnJhK6LsjNc=
github.com/go-ole/go-ole v0.0.0-20180213002836-a1ec82a652eb/go.mod h1:7FAglXiTm7HKlQRDeOQ6ZNUHidzCWXuZWq/1dTyBNF8=
github.com/go-playground/locales v0.12.1 h1:2FITxuFt/xuCNP1Acdhv62OzaCiviiE4kotfhkmOqEc=
github.com/go-playground/locales v0.12.1/go.mod h1:IUMDtCfWo/w/mtMfIE/IG2K+Ey3ygWanZIBtBW0W2TM=
github.com/go-playground/universal-translator v0.16.0 h1:X++omBR/4cE2MNg91AoC3rmGrCjJ8eAeUP/K/EKx4DM=
github.com/go-playground/universal-translator v0.16.0/go.mod h1:1AnU7NaIRDWWzGEKwgtJRd2xk99HeFyHw3yid4rvQIY=
github.com/go-redis/redis v6.15.8+incompatible h1:BKZuG6mCnRj5AOaWJXoCgf6rqTYnYJLe4en2hxT7r9o=
github.com/go-redis/redis v6.15.8+incompatible/go.mod h1:NAIEuMOZ/fxfXJIrKDQDz8wamY7mA7PouImQ2Jvg6kA=
github.com/golang/protobuf v0.0.0-20180328163153-e09c5db29600 h1:9JtpUrGhEHL+r4w4ahu0MxGWacOcA3TwaDKdukl3YBg=
github.com/golang/protobuf v0.0.0-20180328163153-e09c5db29600/go.mod h1:6lQm79b+lXiMfvg/cZm0SGofjICqVBUtrP5yJMmIC1U=
github.com/golang/protobuf v1.3.2 h1:6nsPYzhq5kReh6QImI3k5qWzO4PEbvbIW2cwSfR/6xs=
github.com/golang/protobuf v1.3.2/go.mod h1:6lQm79b+lXiMfvg/cZm0SGofjICqVBUtrP5yJMmIC1U=
github.com/gomodule/redigo v2.0.0+incompatible/go.mod h1:B4C85qUVwatsJoIUNIfCRsp7qO0iAmpGFZ4EELWSbC4=
github.com/google/gofuzz v1.0.0/go.mod h1:dBl0BpW6vV/+mYPU4Po3pmUjxk6FQPldtuIdl/M65Eg=
github.com/gorilla/context v1.1.1 h1:AWwleXJkX/nhcU9bZSnZoi3h/qGYqQAGhq6zZe/aQW8=
github.com/gorilla/context v1.1.1/go.mod h1:kBGZzfjB9CEq2AlWe17Uuf7NDRt0dE0s8S51q0aT7Yg=
github.com/gorilla/securecookie v1.1.1 h1:miw7JPhV+b/lAHSXz4qd/nN9jRiAFV5FwjeKyCS8BvQ=
github.com/gorilla/securecookie v1.1.1/go.mod h1:ra0sb63/xPlUeL+yeDciTfxMRAA+MP+HVt/4epWDjd4=
github.com/gorilla/sessions v1.1.1/go.mod h1:8KCfur6+4Mqcc6S0FEfKuN15Vl5MgXW92AE8ovaJD0w=
github.com/gorilla/sessions v1.1.3 h1:uXoZdcdA5XdXF3QzuSlheVRUvjl+1rKY7zBXL68L9RU=
github.com/gorilla/sessions v1.1.3/go.mod h1:8KCfur6+4Mqcc6S0FEfKuN15Vl5MgXW92AE8ovaJD0w=
github.com/gorilla/sessions v1.2.0 h1:S7P+1Hm5V/AT9cjEcUD5uDaQSX0OE577aCXgoaKpYbQ=
github.com/gorilla/sessions v1.2.0/go.mod h1:dk2InVEVJ0sfLlnXv9EAgkf6ecYs/i80K/zI+bUmuGM=
github.com/jinzhu/gorm v0.0.0-20180512062900-82eb9f8a5bbb h1:1047OTxX5WWP3oHVdAiJPHfMpmUdnqrBkpKYQwsNlDs=
github.com/jinzhu/gorm v0.0.0-20180512062900-82eb9f8a5bbb/go.mod h1:Vla75njaFJ8clLU1W44h34PjIkijhjHIYnZxMqCdxqo=
github.com/jinzhu/inflection v1.0.0 h1:K317FqzuhWc8YvSVlFMCCUb36O/S9MCKRDI7QkRKD/E=
github.com/jinzhu/inflection v1.0.0/go.mod h1:h+uFLlag+Qp1Va5pdKtLDYj+kHp5pxUVkryuEj+Srlc=
github.com/json-iterator/go v1.1.7/go.mod h1:KdQUCv79m/52Kvf8AW2vK1V8akMuk1QjK/uOdHXbAo4=
github.com/kidstuff/mongostore v0.0.0-20181113001930-e650cd85ee4b/go.mod h1:g2nVr8KZVXJSS97Jo8pJ0jgq29P6H7dG0oplUA86MQw=
github.com/leodido/go-urn v1.1.0 h1:Sm1gr51B1kKyfD2BlRcLSiEkffoG96g6TPv6eRoEiB8=
github.com/leodido/go-urn v1.1.0/go.mod h1:+cyI34gQWZcE1eQU7NVgKkkzdXDQHr1dBMtdAPozLkw=
github.com/lestrrat-go/envload v0.0.0-20180220234015-a3eb8ddeffcc/go.mod h1:kopuH9ugFRkIXf3YoqHKyrJ9YfUFsckUU9S7B+XP+is=
github.com/lestrrat-go/file-rotatelogs v2.3.0+incompatible h1:4mNlp+/SvALIPFpbXV3kxNJJno9iKFWGxSDE13Kl66Q=
github.com/lestrrat-go/file-rotatelogs v2.3.0+incompatible/go.mod h1:ZQnN8lSECaebrkQytbHj4xNgtg8CR7RYXnPok8e0EHA=
github.com/lestrrat-go/strftime v1.0.1 h1:o7qz5pmLzPDLyGW4lG6JvTKPUfTFXwe+vOamIYWtnVU=
github.com/lestrrat-go/strftime v1.0.1/go.mod h1:E1nN3pCbtMSu1yjSVeyuRFVm/U0xoR76fd03sz+Qz4g=
github.com/mattn/go-isatty v0.0.4 h1:bnP0vzxcAdeI1zdubAl5PjU6zsERjGZb7raWodagDYs=
github.com/mattn/go-isatty v0.0.4/go.mod h1:M+lRXTBqGeGNdLjl/ufCoiOlB5xdOkqRJdNxMWT7Zi4=
github.com/mattn/go-isatty v0.0.9 h1:d5US/mDsogSGW37IV293h//ZFaeajb69h+EHFsv2xGg=
github.com/mattn/go-isatty v0.0.9/go.mod h1:YNRxwqDuOph6SZLI9vUUz6OYw3QyUt7WiY2yME+cCiQ=
github.com/mattn/go-sqlite3 v1.13.0 h1:LnJI81JidiW9r7pS/hXe6cFeO5EXNq7KbfvoJLRI69c=
github.com/mattn/go-sqlite3 v2.0.3+incompatible h1:gXHsfypPkaMZrKbD5209QV9jbUTJKjyR5WD3HYQSd+U=
github.com/mattn/go-sqlite3 v2.0.3+incompatible/go.mod h1:FPy6KqzDD04eiIsT53CuJW3U88zkxoIYsOqkbpncsNc=
github.com/memcachier/mc v2.0.1+incompatible/go.mod h1:7bkvFE61leUBvXz+yxsOnGBQSZpBSPIMUQSmmSHvuXc=
github.com/modern-go/concurrent v0.0.0-20180228061459-e0a39a4cb421/go.mod h1:6dJC0mAP4ikYIbvyc7fijjWJddQyLn8Ig3JB5CqoB9Q=
github.com/modern-go/reflect2 v0.0.0-20180511053014-58118c1ea916/go.mod h1:bx2lNnkwVCuqBIxFjflWJWanXIb3RllmbCylyMrvgv0=
github.com/modern-go/reflect2 v0.0.0-20180701023420-4b7aa43c6742/go.mod h1:bx2lNnkwVCuqBIxFjflWJWanXIb3RllmbCylyMrvgv0=
github.com/pixelbender/go-sdp v0.0.0-20181123094152-100bc9371a0c h1:ijf5T8kOpH5BnYDzDiW9VH1XZxOuBFI61Cwz9q+EYSs=
github.com/pixelbender/go-sdp v0.0.0-20181123094152-100bc9371a0c/go.mod h1:yE4U5OCi03zduTr7IXX4DrYkxPRGjDXZKCdIkpom054=
github.com/pkg/errors v0.8.1/go.mod h1:bwawxfHBFNV+L2hUp1rHADufV3IMtnDRdf1r5NINEl0=
github.com/pkg/errors v0.9.1 h1:FEBLx1zS214owpjy7qsBeixbURkuhQAwrK5UwLGTwt4=
github.com/pkg/errors v0.9.1/go.mod h1:bwawxfHBFNV+L2hUp1rHADufV3IMtnDRdf1r5NINEl0=
github.com/pmezard/go-difflib v1.0.0/go.mod h1:iKH77koFhYxTK1pcRnkKkqfTogsbg7gZNVY4sRDYZ/4=
github.com/quasoft/memstore v0.0.0-20180925164028-84a050167438/go.mod h1:wTPjTepVu7uJBYgZ0SdWHQlIas582j6cn2jgk4DDdlg=
github.com/shirou/gopsutil v0.0.0-20180417021151-63047d776e07 h1:wV2LGDgylz8+L7NtktoMxWqmon49F8Q5bdNfwUFarpk=
github.com/shirou/gopsutil v0.0.0-20180417021151-63047d776e07/go.mod h1:5b4v6he4MtMOwMlS0TUMTu2PcXUg8+E1lC7eC3UO/RA=
github.com/stretchr/objx v0.1.0/go.mod h1:HFkY916IF+rwdDfMAkV7OtwuqBVzrE8GR6GFx+wExME=
github.com/stretchr/testify v1.3.0/go.mod h1:M5WIy9Dh21IEIfnGCwXGc5bZfKNJtfHm1UVUgZn+9EI=
github.com/stretchr/testify v1.4.0/go.mod h1:j7eGeouHqKxXV5pUuKE4zz7dFj8WfuZ+81PSLYec5m4=
github.com/teris-io/shortid v0.0.0-20171029131806-771a37caa5cf h1:Z2X3Os7oRzpdJ75iPqWZc0HeJWFYNCvKsfpQwFpRNTA=
github.com/teris-io/shortid v0.0.0-20171029131806-771a37caa5cf/go.mod h1:M8agBzgqHIhgj7wEn9/0hJUZcrvt9VY+Ln+S1I5Mha0=
github.com/ugorji/go v0.0.0-20180307152341-02537d3a3e32 h1:mn45Lr9PZnyHQqFsyl4sYOET/0cujHmQkU1S6W+EcSI=
github.com/ugorji/go v0.0.0-20180307152341-02537d3a3e32/go.mod h1:hnLbHMwcvSihnDhEfx2/BzKp2xb0Y+ErdfYcrs9tkJQ=
github.com/ugorji/go v1.1.7 h1:/68gy2h+1mWMrwZFeD1kQialdSzAb432dtpeJ42ovdo=
github.com/ugorji/go v1.1.7/go.mod h1:kZn38zHttfInRq0xu/PH0az30d+z6vm202qpg1oXVMw=
github.com/ugorji/go/codec v1.1.7 h1:2SvQaVZ1ouYrrKKwoSk2pzd4A9evlKJb9oTL+OaLUSs=
github.com/ugorji/go/codec v1.1.7/go.mod h1:Ax+UKWsSmolVDwsd+7N3ZtXu+yMGCf907BLYF3GoBXY=
golang.org/x/sys v0.0.0-20190813064441-fde4db37ae7a/go.mod h1:h1NjWce9XRLGQEsW7wpKNCjG9DtNlClVuFLEZdDNbEs=
golang.org/x/sys v0.0.0-20200523222454-059865788121 h1:rITEj+UZHYC927n8GT97eC3zrpzXdb/voyeOuVKS46o=
golang.org/x/sys v0.0.0-20200523222454-059865788121/go.mod h1:h1NjWce9XRLGQEsW7wpKNCjG9DtNlClVuFLEZdDNbEs=
gopkg.in/check.v1 v0.0.0-20161208181325-20d25e280405/go.mod h1:Co6ibVJAznAaIkqp8huTwlJQCZ016jof/cbN4VW5Yz0=
gopkg.in/go-playground/assert.v1 v1.2.1/go.mod h1:9RXL0bg/zibRAgZUYszZSwO/z8Y/a8bDuhia5mkpMnE=
gopkg.in/go-playground/validator.v8 v8.18.2 h1:lFB4DoMU6B626w8ny76MV7VX6W2VHct2GVOI3xgiMrQ=
gopkg.in/go-playground/validator.v8 v8.18.2/go.mod h1:RX2a/7Ha8BgOhfk7j780h4/u/RRjR0eouCJSH80/M2Y=
gopkg.in/go-playground/validator.v9 v9.29.1 h1:SvGtYmN60a5CVKTOzMSyfzWDeZRxRuGvRQyEAKbw1xc=
gopkg.in/go-playground/validator.v9 v9.29.1/go.mod h1:+c9/zcJMFNgbLvly1L1V+PpxWdVbfP1avr/N00E2vyQ=
gopkg.in/yaml.v2 v2.2.1 h1:mUhvW9EsL+naU5Q3cakzfE91YhliOondGd6ZrsDBHQE=
gopkg.in/yaml.v2 v2.2.1/go.mod h1:hI93XBmqTisBFMUTm0b8Fm+jr3Dg1NNxqwp+5A1VGuI=
gopkg.in/yaml.v2 v2.2.2 h1:ZCJp+EgiOT7lHqUV2J862kp8Qj64Jo6az82+3Td9dZw=
gopkg.in/yaml.v2 v2.2.2/go.mod h1:hI93XBmqTisBFMUTm0b8Fm+jr3Dg1NNxqwp+5A1VGuI=
